
Microsoft Visual Studio Solution File, Format Version 12.00
# Visual Studio 15
VisualStudioVersion = 15.0.26730.16
MinimumVisualStudioVersion = 10.0.40219.1
Project("{FAE04EC0-301F-11D3-BF4B-00C04F79EFBC}") = "SantaRandom", "SantaRandom\SantaRandom.csproj", "{1F017882-B9C0-41D1-AB99-CA7E9E06E38C}"
EndProject
Global
	GlobalSection(SolutionConfigurationPlatforms) = preSolution
		Debug|Any CPU = Debug|Any CPU
		Release|Any CPU = Release|Any CPU
	EndGlobalSection
	GlobalSection(ProjectConfigurationPlatforms) = postSolution
		{1F017882-B9C0-41D1-AB99-CA7E9E06E38C}.Debug|Any CPU.ActiveCfg = Debug|Any CPU
		{1F017882-B9C0-41D1-AB99-CA7E9E06E38C}.Debug|Any CPU.Build.0 = Debug|Any CPU
		{1F017882-B9C0-41D1-AB99-CA7E9E06E38C}.Release|Any CPU.ActiveCfg = Release|Any CPU
		{1F017882-B9C0-41D1-AB99-CA7E9E06E38C}.Release|Any CPU.Build.0 = Release|Any CPU
	EndGlobalSection
	GlobalSection(SolutionProperties) = preSolution
		HideSolutionNode = FALSE
	EndGlobalSection
	GlobalSection(ExtensibilityGlobals) = postSolution
		SolutionGuid = {03A42E17-219E-404F-8A69-1AD27D1FF26E}
	EndGlobalSection
EndGlobal
